// !$*UTF8*$!
{
	archiveVersion = 1;
	classes = {
	};
	objectVersion = 50;
	objects = {

/* Begin PBXBuildFile section */
		697AE9B1225E1DF20055F6E8 /* AppDelegate.swift in Sources */ = {isa = PBXBuildFile; fileRef = 697AE9B0225E1DF20055F6E8 /* AppDelegate.swift */; };
		697AE9B3225E1DF20055F6E8 /* IntroductionViewController.swift in Sources */ = {isa = PBXBuildFile; fileRef = 697AE9B2225E1DF20055F6E8 /* IntroductionViewController.swift */; };
		697AE9B6225E1DF20055F6E8 /* Main.storyboard in Resources */ = {isa = PBXBuildFile; fileRef = 697AE9B4225E1DF20055F6E8 /* Main.storyboard */; };
		697AE9B8225E1DF40055F6E8 /* Assets.xcassets in Resources */ = {isa = PBXBuildFile; fileRef = 697AE9B7225E1DF40055F6E8 /* Assets.xcassets */; };
		697AE9BB225E1DF40055F6E8 /* LaunchScreen.storyboard in Resources */ = {isa = PBXBuildFile; fileRef = 697AE9B9225E1DF40055F6E8 /* LaunchScreen.storyboard */; };
		697AE9C6225E1DF40055F6E8 /* PersonalityQuizTests.swift in Sources */ = {isa = PBXBuildFile; fileRef = 697AE9C5225E1DF40055F6E8 /* PersonalityQuizTests.swift */; };
		697AE9D1225E1DF40055F6E8 /* PersonalityQuizUITests.swift in Sources */ = {isa = PBXBuildFile; fileRef = 697AE9D0225E1DF40055F6E8 /* PersonalityQuizUITests.swift */; };
		697AE9DF225E216B0055F6E8 /* QuestionViewController.swift in Sources */ = {isa = PBXBuildFile; fileRef = 697AE9DE225E216B0055F6E8 /* QuestionViewController.swift */; };
		697AE9E1225E21780055F6E8 /* ResultsViewController.swift in Sources */ = {isa = PBXBuildFile; fileRef = 697AE9E0225E21780055F6E8 /* ResultsViewController.swift */; };
		697AE9E3225E25530055F6E8 /* QuestionData.swift in Sources */ = {isa = PBXBuildFile; fileRef = 697AE9E2225E25530055F6E8 /* QuestionData.swift */; };
/* End PBXBuildFile section */

/* Begin PBXContainerItemProxy section */
		697AE9C2225E1DF40055F6E8 /* PBXContainerItemProxy */ = {
			isa = PBXContainerItemProxy;
			containerPortal = 697AE9A5225E1DF20055F6E8 /* Project object */;
			proxyType = 1;
			remoteGlobalIDString = 697AE9AC225E1DF20055F6E8;
			remoteInfo = PersonalityQuiz;
		};
		697AE9CD225E1DF40055F6E8 /* PBXContainerItemProxy */ = {
			isa = PBXContainerItemProxy;
			containerPortal = 697AE9A5225E1DF20055F6E8 /* Project object */;
			proxyType = 1;
			remoteGlobalIDString = 697AE9AC225E1DF20055F6E8;
			remoteInfo = PersonalityQuiz;
		};
/* End PBXContainerItemProxy section */

/* Begin PBXFileReference section */
		697AE9AD225E1DF20055F6E8 /* PersonalityQuiz.app */ = {isa = PBXFileReference; explicitFileType = wrapper.application; includeInIndex = 0; path = PersonalityQuiz.app; sourceTree = BUILT_PRODUCTS_DIR; };
		697AE9B0225E1DF20055F6E8 /* AppDelegate.swift */ = {isa = PBXFileReference; lastKnownFileType = sourcecode.swift; path = AppDelegate.swift; sourceTree = "<group>"; };
		697AE9B2225E1DF20055F6E8 /* IntroductionViewController.swift */ = {isa = PBXFileReference; lastKnownFileType = sourcecode.swift; path = IntroductionViewController.swift; sourceTree = "<group>"; };
		697AE9B5225E1DF20055F6E8 /* Base */ = {isa = PBXFileReference; lastKnownFileType = file.storyboard; name = Base; path = Base.lproj/Main.storyboard; sourceTree = "<group>"; };
		697AE9B7225E1DF40055F6E8 /* Assets.xcassets */ = {isa = PBXFileReference; lastKnownFileType = folder.assetcatalog; path = Assets.xcassets; sourceTree = "<group>"; };
		697AE9BA225E1DF40055F6E8 /* Base */ = {isa = PBXFileReference; lastKnownFileType = file.storyboard; name = Base; path = Base.lproj/LaunchScreen.storyboard; sourceTree = "<group>"; };
		697AE9BC225E1DF40055F6E8 /* Info.plist */ = {isa = PBXFileReference; lastKnownFileType = text.plist.xml; path = Info.plist; sourceTree = "<group>"; };
		697AE9C1225E1DF40055F6E8 /* PersonalityQuizTests.xctest */ = {isa = PBXFileReference; explicitFileType = wrapper.cfbundle; includeInIndex = 0; path = PersonalityQuizTests.xctest; sourceTree = BUILT_PRODUCTS_DIR; };
		697AE9C5225E1DF40055F6E8 /* PersonalityQuizTests.swift */ = {isa = PBXFileReference; lastKnownFileType = sourcecode.swift; path = PersonalityQuizTests.swift; sourceTree = "<group>"; };
		697AE9C7225E1DF40055F6E8 /* Info.plist */ = {isa = PBXFileReference; lastKnownFileType = text.plist.xml; path = Info.plist; sourceTree = "<group>"; };
		697AE9CC225E1DF40055F6E8 /* PersonalityQuizUITests.xctest */ = {isa = PBXFileReference; explicitFileType = wrapper.cfbundle; includeInIndex = 0; path = PersonalityQuizUITests.xctest; sourceTree = BUILT_PRODUCTS_DIR; };
		697AE9D0225E1DF40055F6E8 /* PersonalityQuizUITests.swift */ = {isa = PBXFileReference; lastKnownFileType = sourcecode.swift; path = PersonalityQuizUITests.swift; sourceTree = "<group>"; };
		697AE9D2225E1DF40055F6E8 /* Info.plist */ = {isa = PBXFileReference; lastKnownFileType = text.plist.xml; path = Info.plist; sourceTree = "<group>"; };
		697AE9DE225E216B0055F6E8 /* QuestionViewController.swift */ = {isa = PBXFileReference; lastKnownFileType = sourcecode.swift; path = QuestionViewController.swift; sourceTree = "<group>"; };
		697AE9E0225E21780055F6E8 /* ResultsViewController.swift */ = {isa = PBXFileReference; lastKnownFileType = sourcecode.swift; path = ResultsViewController.swift; sourceTree = "<group>"; };
		697AE9E2225E25530055F6E8 /* QuestionData.swift */ = {isa = PBXFileReference; lastKnownFileType = sourcecode.swift; path = QuestionData.swift; sourceTree = "<group>"; };
/* End PBXFileReference section */

/* Begin PBXFrameworksBuildPhase section */
		697AE9AA225E1DF20055F6E8 /* Frameworks */ = {
			isa = PBXFrameworksBuildPhase;
			buildActionMask = 2147483647;
			files = (
			);
			runOnlyForDeploymentPostprocessing = 0;
		};
		697AE9BE225E1DF40055F6E8 /* Frameworks */ = {
			isa = PBXFrameworksBuildPhase;
			buildActionMask = 2147483647;
			files = (
			);
			runOnlyForDeploymentPostprocessing = 0;
		};
		697AE9C9225E1DF40055F6E8 /* Frameworks */ = {
			isa = PBXFrameworksBuildPhase;
			buildActionMask = 2147483647;
			files = (
			);
			runOnlyForDeploymentPostprocessing = 0;
		};
/* End PBXFrameworksBuildPhase section */

/* Begin PBXGroup section */
		697AE9A4225E1DF20055F6E8 = {
			isa = PBXGroup;
			children = (
				697AE9AF225E1DF20055F6E8 /* PersonalityQuiz */,
				697AE9C4225E1DF40055F6E8 /* PersonalityQuizTests */,
				697AE9CF225E1DF40055F6E8 /* PersonalityQuizUITests */,
				697AE9AE225E1DF20055F6E8 /* Products */,
			);
			sourceTree = "<group>";
		};
		697AE9AE225E1DF20055F6E8 /* Products */ = {
			isa = PBXGroup;
			children = (
				697AE9AD225E1DF20055F6E8 /* PersonalityQuiz.app */,
				697AE9C1225E1DF40055F6E8 /* PersonalityQuizTests.xctest */,
				697AE9CC225E1DF40055F6E8 /* PersonalityQuizUITests.xctest */,
			);
			name = Products;
			sourceTree = "<group>";
		};
		697AE9AF225E1DF20055F6E8 /* PersonalityQuiz */ = {
			isa = PBXGroup;
			children = (
				697AE9B0225E1DF20055F6E8 /* AppDelegate.swift */,
				697AE9B2225E1DF20055F6E8 /* IntroductionViewController.swift */,
				697AE9B4225E1DF20055F6E8 /* Main.storyboard */,
				697AE9E2225E25530055F6E8 /* QuestionData.swift */,
				697AE9DE225E216B0055F6E8 /* QuestionViewController.swift */,
				697AE9E0225E21780055F6E8 /* ResultsViewController.swift */,
				697AE9B7225E1DF40055F6E8 /* Assets.xcassets */,
				697AE9B9225E1DF40055F6E8 /* LaunchScreen.storyboard */,
				697AE9BC225E1DF40055F6E8 /* Info.plist */,
			);
			path = PersonalityQuiz;
			sourceTree = "<group>";
		};
		697AE9C4225E1DF40055F6E8 /* PersonalityQuizTests */ = {
			isa = PBXGroup;
			children = (
				697AE9C5225E1DF40055F6E8 /* PersonalityQuizTests.swift */,
				697AE9C7225E1DF40055F6E8 /* Info.plist */,
			);
			path = PersonalityQuizTests;
			sourceTree = "<group>";
		};
		697AE9CF225E1DF40055F6E8 /* PersonalityQuizUITests */ = {
			isa = PBXGroup;
			children = (
				697AE9D0225E1DF40055F6E8 /* PersonalityQuizUITests.swift */,
				697AE9D2225E1DF40055F6E8 /* Info.plist */,
			);
			path = PersonalityQuizUITests;
			sourceTree = "<group>";
		};
/* End PBXGroup section */

/* Begin PBXNativeTarget section */
		697AE9AC225E1DF20055F6E8 /* PersonalityQuiz */ = {
			isa = PBXNativeTarget;
			buildConfigurationList = 697AE9D5225E1DF40055F6E8 /* Build configuration list for PBXNativeTarget "PersonalityQuiz" */;
			buildPhases = (
				697AE9A9225E1DF20055F6E8 /* Sources */,
				697AE9AA225E1DF20055F6E8 /* Frameworks */,
				697AE9AB225E1DF20055F6E8 /* Resources */,
			);
			buildRules = (
			);
			dependencies = (
			);
			name = PersonalityQuiz;
			productName = PersonalityQuiz;
			productReference = 697AE9AD225E1DF20055F6E8 /* PersonalityQuiz.app */;
			productType = "com.apple.product-type.application";
		};
		697AE9C0225E1DF40055F6E8 /* PersonalityQuizTests */ = {
			isa = PBXNativeTarget;
			buildConfigurationList = 697AE9D8225E1DF40055F6E8 /* Build configuration list for PBXNativeTarget "PersonalityQuizTests" */;
			buildPhases = (
				697AE9BD225E1DF40055F6E8 /* Sources */,
				697AE9BE225E1DF40055F6E8 /* Frameworks */,
				697AE9BF225E1DF40055F6E8 /* Resources */,
			);
			buildRules = (
			);
			dependencies = (
				697AE9C3225E1DF40055F6E8 /* PBXTargetDependency */,
			);
			name = PersonalityQuizTests;
			productName = PersonalityQuizTests;
			productReference = 697AE9C1225E1DF40055F6E8 /* PersonalityQuizTests.xctest */;
			productType = "com.apple.product-type.bundle.unit-test";
		};
		697AE9CB225E1DF40055F6E8 /* PersonalityQuizUITests */ = {
			isa = PBXNativeTarget;
			buildConfigurationList = 697AE9DB225E1DF40055F6E8 /* Build configuration list for PBXNativeTarget "PersonalityQuizUITests" */;
			buildPhases = (
				697AE9C8225E1DF40055F6E8 /* Sources */,
				697AE9C9225E1DF40055F6E8 /* Frameworks */,
				697AE9CA225E1DF40055F6E8 /* Resources */,
			);
			buildRules = (
			);
			dependencies = (
				697AE9CE225E1DF40055F6E8 /* PBXTargetDependency */,
			);
			name = PersonalityQuizUITests;
			productName = PersonalityQuizUITests;
			productReference = 697AE9CC225E1DF40055F6E8 /* PersonalityQuizUITests.xctest */;
			productType = "com.apple.product-type.bundle.ui-testing";
		};
/* End PBXNativeTarget section */

/* Begin PBXProject section */
		697AE9A5225E1DF20055F6E8 /* Project object */ = {
			isa = PBXProject;
			attributes = {
				LastSwiftUpdateCheck = 1020;
				LastUpgradeCheck = 1020;
				ORGANIZATIONNAME = "Brian Wilkinson";
				TargetAttributes = {
					697AE9AC225E1DF20055F6E8 = {
						CreatedOnToolsVersion = 10.2;
					};
					697AE9C0225E1DF40055F6E8 = {
						CreatedOnToolsVersion = 10.2;
						TestTargetID = 697AE9AC225E1DF20055F6E8;
					};
					697AE9CB225E1DF40055F6E8 = {
						CreatedOnToolsVersion = 10.2;
						TestTargetID = 697AE9AC225E1DF20055F6E8;
					};
				};
			};
			buildConfigurationList = 697AE9A8225E1DF20055F6E8 /* Build configuration list for PBXProject "PersonalityQuiz" */;
			compatibilityVersion = "Xcode 9.3";
			developmentRegion = en;
			hasScannedForEncodings = 0;
			knownRegions = (
				en,
				Base,
			);
			mainGroup = 697AE9A4225E1DF20055F6E8;
			productRefGroup = 697AE9AE225E1DF20055F6E8 /* Products */;
			projectDirPath = "";
			projectRoot = "";
			targets = (
				697AE9AC225E1DF20055F6E8 /* PersonalityQuiz */,
				697AE9C0225E1DF40055F6E8 /* PersonalityQuizTests */,
				697AE9CB225E1DF40055F6E8 /* PersonalityQuizUITests */,
			);
		};
/* End PBXProject section */

/* Begin PBXResourcesBuildPhase section */
		697AE9AB225E1DF20055F6E8 /* Resources */ = {
			isa = PBXResourcesBuildPhase;
			buildActionMask = 2147483647;
			files = (
				697AE9BB225E1DF40055F6E8 /* LaunchScreen.storyboard in Resources */,
				697AE9B8225E1DF40055F6E8 /* Assets.xcassets in Resources */,
				697AE9B6225E1DF20055F6E8 /* Main.storyboard in Resources */,
			);
			runOnlyForDeploymentPostprocessing = 0;
		};
		697AE9BF225E1DF40055F6E8 /* Resources */ = {
			isa = PBXResourcesBuildPhase;
			buildActionMask = 2147483647;
			files = (
			);
			runOnlyForDeploymentPostprocessing = 0;
		};
		697AE9CA225E1DF40055F6E8 /* Resources */ = {
			isa = PBXResourcesBuildPhase;
			buildActionMask = 2147483647;
			files = (
			);
			runOnlyForDeploymentPostprocessing = 0;
		};
/* End PBXResourcesBuildPhase section */

/* Begin PBXSourcesBuildPhase section */
		697AE9A9225E1DF20055F6E8 /* Sources */ = {
			isa = PBXSourcesBuildPhase;
			buildActionMask = 2147483647;
			files = (
				697AE9B3225E1DF20055F6E8 /* IntroductionViewController.swift in Sources */,
				697AE9B1225E1DF20055F6E8 /* AppDelegate.swift in Sources */,
				697AE9E3225E25530055F6E8 /* QuestionData.swift in Sources */,
				697AE9DF225E216B0055F6E8 /* QuestionViewController.swift in Sources */,
				697AE9E1225E21780055F6E8 /* ResultsViewController.swift in Sources */,
			);
			runOnlyForDeploymentPostprocessing = 0;
		};
		697AE9BD225E1DF40055F6E8 /* Sources */ = {
			isa = PBXSourcesBuildPhase;
			buildActionMask = 2147483647;
			files = (
				697AE9C6225E1DF40055F6E8 /* PersonalityQuizTests.swift in Sources */,
			);
			runOnlyForDeploymentPostprocessing = 0;
		};
		697AE9C8225E1DF40055F6E8 /* Sources */ = {
			isa = PBXSourcesBuildPhase;
			buildActionMask = 2147483647;
			files = (
				697AE9D1225E1DF40055F6E8 /* PersonalityQuizUITests.swift in Sources */,
			);
			runOnlyForDeploymentPostprocessing = 0;
		};
/* End PBXSourcesBuildPhase section */

/* Begin PBXTargetDependency section */
		697AE9C3225E1DF40055F6E8 /* PBXTargetDependency */ = {
			isa = PBXTargetDependency;
			target = 697AE9AC225E1DF20055F6E8 /* PersonalityQuiz */;
			targetProxy = 697AE9C2225E1DF40055F6E8 /* PBXContainerItemProxy */;
		};
		697AE9CE225E1DF40055F6E8 /* PBXTargetDependency */ = {
			isa = PBXTargetDependency;
			target = 697AE9AC225E1DF20055F6E8 /* PersonalityQuiz */;
			targetProxy = 697AE9CD225E1DF40055F6E8 /* PBXContainerItemProxy */;
		};
/* End PBXTargetDependency section */

/* Begin PBXVariantGroup section */
		697AE9B4225E1DF20055F6E8 /* Main.storyboard */ = {
			isa = PBXVariantGroup;
			children = (
				697AE9B5225E1DF20055F6E8 /* Base */,
			);
			name = Main.storyboard;
			sourceTree = "<group>";
		};
		697AE9B9225E1DF40055F6E8 /* LaunchScreen.storyboard */ = {
			isa = PBXVariantGroup;
			children = (
				697AE9BA225E1DF40055F6E8 /* Base */,
			);
			name = LaunchScreen.storyboard;
			sourceTree = "<group>";
		};
/* End PBXVariantGroup section */

/* Begin XCBuildConfiguration section */
		697AE9D3225E1DF40055F6E8 /* Debug */ = {
			isa = XCBuildConfiguration;
			buildSettings = {
				ALWAYS_SEARCH_USER_PATHS = NO;
				CLANG_ANALYZER_NONNULL = YES;
				CLANG_ANALYZER_NUMBER_OBJECT_CONVERSION = YES_AGGRESSIVE;
				CLANG_CXX_LANGUAGE_STANDARD = "gnu++14";
				CLANG_CXX_LIBRARY = "libc++";
				CLANG_ENABLE_MODULES = YES;
				CLANG_ENABLE_OBJC_ARC = YES;
				CLANG_ENABLE_OBJC_WEAK = YES;
				CLANG_WARN_BLOCK_CAPTURE_AUTORELEASING = YES;
				CLANG_WARN_BOOL_CONVERSION = YES;
				CLANG_WARN_COMMA = YES;
				CLANG_WARN_CONSTANT_CONVERSION = YES;
				CLANG_WARN_DEPRECATED_OBJC_IMPLEMENTATIONS = YES;
				CLANG_WARN_DIRECT_OBJC_ISA_USAGE = YES_ERROR;
				CLANG_WARN_DOCUMENTATION_COMMENTS = YES;
				CLANG_WARN_EMPTY_BODY = YES;
				CLANG_WARN_ENUM_CONVERSION = YES;
				CLANG_WARN_INFINITE_RECURSION = YES;
				CLANG_WARN_INT_CONVERSION = YES;
				CLANG_WARN_NON_LITERAL_NULL_CONVERSION = YES;
				CLANG_WARN_OBJC_IMPLICIT_RETAIN_SELF = YES;
				CLANG_WARN_OBJC_LITERAL_CONVERSION = YES;
				CLANG_WARN_OBJC_ROOT_CLASS = YES_ERROR;
				CLANG_WARN_RANGE_LOOP_ANALYSIS = YES;
				CLANG_WARN_STRICT_PROTOTYPES = YES;
				CLANG_WARN_SUSPICIOUS_MOVE = YES;
				CLANG_WARN_UNGUARDED_AVAILABILITY = YES_AGGRESSIVE;
				CLANG_WARN_UNREACHABLE_CODE = YES;
				CLANG_WARN__DUPLICATE_METHOD_MATCH = YES;
				CODE_SIGN_IDENTITY = "iPhone Developer";
				COPY_PHASE_STRIP = NO;
				DEBUG_INFORMATION_FORMAT = dwarf;
				ENABLE_STRICT_OBJC_MSGSEND = YES;
				ENABLE_TESTABILITY = YES;
				GCC_C_LANGUAGE_STANDARD = gnu11;
				GCC_DYNAMIC_NO_PIC = NO;
				GCC_NO_COMMON_BLOCKS = YES;
				GCC_OPTIMIZATION_LEVEL = 0;
				GCC_PREPROCESSOR_DEFINITIONS = (
					"DEBUG=1",
					"$(inherited)",
				);
				GCC_WARN_64_TO_32_BIT_CONVERSION = YES;
				GCC_WARN_ABOUT_RETURN_TYPE = YES_ERROR;
				GCC_WARN_UNDECLARED_SELECTOR = YES;
				GCC_WARN_UNINITIALIZED_AUTOS = YES_AGGRESSIVE;
				GCC_WARN_UNUSED_FUNCTION = YES;
				GCC_WARN_UNUSED_VARIABLE = YES;
				IPHONEOS_DEPLOYMENT_TARGET = 12.2;
				MTL_ENABLE_DEBUG_INFO = INCLUDE_SOURCE;
				MTL_FAST_MATH = YES;
				ONLY_ACTIVE_ARCH = YES;
				SDKROOT = iphoneos;
				SWIFT_ACTIVE_COMPILATION_CONDITIONS = DEBUG;
				SWIFT_OPTIMIZATION_LEVEL = "-Onone";
			};
			name = Debug;
		};
		697AE9D4225E1DF40055F6E8 /* Release */ = {
			isa = XCBuildConfiguration;
			buildSettings = {
				ALWAYS_SEARCH_USER_PATHS = NO;
				CLANG_ANALYZER_NONNULL = YES;
				CLANG_ANALYZER_NUMBER_OBJECT_CONVERSION = YES_AGGRESSIVE;
				CLANG_CXX_LANGUAGE_STANDARD = "gnu++14";
				CLANG_CXX_LIBRARY = "libc++";
				CLANG_ENABLE_MODULES = YES;
				CLANG_ENABLE_OBJC_ARC = YES;
				CLANG_ENABLE_OBJC_WEAK = YES;
				CLANG_WARN_BLOCK_CAPTURE_AUTORELEASING = YES;
				CLANG_WARN_BOOL_CONVERSION = YES;
				CLANG_WARN_COMMA = YES;
				CLANG_WARN_CONSTANT_CONVERSION = YES;
				CLANG_WARN_DEPRECATED_OBJC_IMPLEMENTATIONS = YES;
				CLANG_WARN_DIRECT_OBJC_ISA_USAGE = YES_ERROR;
				CLANG_WARN_DOCUMENTATION_COMMENTS = YES;
				CLANG_WARN_EMPTY_BODY = YES;
				CLANG_WARN_ENUM_CONVERSION = YES;
				CLANG_WARN_INFINITE_RECURSION = YES;
				CLANG_WARN_INT_CONVERSION = YES;
				CLANG_WARN_NON_LITERAL_NULL_CONVERSION = YES;
				CLANG_WARN_OBJC_IMPLICIT_RETAIN_SELF = YES;
				CLANG_WARN_OBJC_LITERAL_CONVERSION = YES;
				CLANG_WARN_OBJC_ROOT_CLASS = YES_ERROR;
				CLANG_WARN_RANGE_LOOP_ANALYSIS = YES;
				CLANG_WARN_STRICT_PROTOTYPES = YES;
				CLANG_WARN_SUSPICIOUS_MOVE = YES;
				CLANG_WARN_UNGUARDED_AVAILABILITY = YES_AGGRESSIVE;
				CLANG_WARN_UNREACHABLE_CODE = YES;
				CLANG_WARN__DUPLICATE_METHOD_MATCH = YES;
				CODE_SIGN_IDENTITY = "iPhone Developer";
				COPY_PHASE_STRIP = NO;
				DEBUG_INFORMATION_FORMAT = "dwarf-with-dsym";
				ENABLE_NS_ASSERTIONS = NO;
				ENABLE_STRICT_OBJC_MSGSEND = YES;
				GCC_C_LANGUAGE_STANDARD = gnu11;
				GCC_NO_COMMON_BLOCKS = YES;
				GCC_WARN_64_TO_32_BIT_CONVERSION = YES;
				GCC_WARN_ABOUT_RETURN_TYPE = YES_ERROR;
				GCC_WARN_UNDECLARED_SELECTOR = YES;
				GCC_WARN_UNINITIALIZED_AUTOS = YES_AGGRESSIVE;
				GCC_WARN_UNUSED_FUNCTION = YES;
				GCC_WARN_UNUSED_VARIABLE = YES;
				IPHONEOS_DEPLOYMENT_TARGET = 12.2;
				MTL_ENABLE_DEBUG_INFO = NO;
				MTL_FAST_MATH = YES;
				SDKROOT = iphoneos;
				SWIFT_COMPILATION_MODE = wholemodule;
				SWIFT_OPTIMIZATION_LEVEL = "-O";
				VALIDATE_PRODUCT = YES;
			};
			name = Release;
		};
		697AE9D6225E1DF40055F6E8 /* Debug */ = {
			isa = XCBuildConfiguration;
			buildSettings = {
				ASSETCATALOG_COMPILER_APPICON_NAME = AppIcon;
				CODE_SIGN_STYLE = Automatic;
				INFOPLIST_FILE = PersonalityQuiz/Info.plist;
				LD_RUNPATH_SEARCH_PATHS = (
					"$(inherited)",
					"@executable_path/Frameworks",
				);
				PRODUCT_BUNDLE_IDENTIFIER = org.ssfs.PersonalityQuiz;
				PRODUCT_NAME = "$(TARGET_NAME)";
				SWIFT_VERSION = 5.0;
				TARGETED_DEVICE_FAMILY = "1,2";
			};
			name = Debug;
		};
		697AE9D7225E1DF40055F6E8 /* Release */ = {
			isa = XCBuildConfiguration;
			buildSettings = {
				ASSETCATALOG_COMPILER_APPICON_NAME = AppIcon;
				CODE_SIGN_STYLE = Automatic;
				INFOPLIST_FILE = PersonalityQuiz/Info.plist;
				LD_RUNPATH_SEARCH_PATHS = (
					"$(inherited)",
					"@executable_path/Frameworks",
				);
				PRODUCT_BUNDLE_IDENTIFIER = org.ssfs.PersonalityQuiz;
				PRODUCT_NAME = "$(TARGET_NAME)";
				SWIFT_VERSION = 5.0;
				TARGETED_DEVICE_FAMILY = "1,2";
			};
			name = Release;
		};
		697AE9D9225E1DF40055F6E8 /* Debug */ = {
			isa = XCBuildConfiguration;
			buildSettings = {
				ALWAYS_EMBED_SWIFT_STANDARD_LIBRARIES = YES;
				BUNDLE_LOADER = "$(TEST_HOST)";
				CODE_SIGN_STYLE = Automatic;
				INFOPLIST_FILE = PersonalityQuizTests/Info.plist;
				LD_RUNPATH_SEARCH_PATHS = (
					"$(inherited)",
					"@executable_path/Frameworks",
					"@loader_path/Frameworks",
				);
				PRODUCT_BUNDLE_IDENTIFIER = org.ssfs.PersonalityQuizTests;
				PRODUCT_NAME = "$(TARGET_NAME)";
				SWIFT_VERSION = 5.0;
				TARGETED_DEVICE_FAMILY = "1,2";
				TEST_HOST = "$(BUILT_PRODUCTS_DIR)/PersonalityQuiz.app/PersonalityQuiz";
			};
			name = Debug;
		};
		697AE9DA225E1DF40055F6E8 /* Release */ = {
			isa = XCBuildConfiguration;
			buildSettings = {
				ALWAYS_EMBED_SWIFT_STANDARD_LIBRARIES = YES;
				BUNDLE_LOADER = "$(TEST_HOST)";
				CODE_SIGN_STYLE = Automatic;
				INFOPLIST_FILE = PersonalityQuizTests/Info.plist;
				LD_RUNPATH_SEARCH_PATHS = (
					"$(inherited)",
					"@executable_path/Frameworks",
					"@loader_path/Frameworks",
				);
				PRODUCT_BUNDLE_IDENTIFIER = org.ssfs.PersonalityQuizTests;
				PRODUCT_NAME = "$(TARGET_NAME)";
				SWIFT_VERSION = 5.0;
				TARGETED_DEVICE_FAMILY = "1,2";
				TEST_HOST = "$(BUILT_PRODUCTS_DIR)/PersonalityQuiz.app/PersonalityQuiz";
			};
			name = Release;
		};
		697AE9DC225E1DF40055F6E8 /* Debug */ = {
			isa = XCBuildConfiguration;
			buildSettings = {
				ALWAYS_EMBED_SWIFT_STANDARD_LIBRARIES = YES;
				CODE_SIGN_STYLE = Automatic;
				INFOPLIST_FILE = PersonalityQuizUITests/Info.plist;
				LD_RUNPATH_SEARCH_PATHS = (
					"$(inherited)",
					"@executable_path/Frameworks",
					"@loader_path/Frameworks",
				);
				PRODUCT_BUNDLE_IDENTIFIER = org.ssfs.PersonalityQuizUITests;
				PRODUCT_NAME = "$(TARGET_NAME)";
				SWIFT_VERSION = 5.0;
				TARGETED_DEVICE_FAMILY = "1,2";
				TEST_TARGET_NAME = PersonalityQuiz;
			};
			name = Debug;
		};
		697AE9DD225E1DF40055F6E8 /* Release */ = {
			isa = XCBuildConfiguration;
			buildSettings = {
				ALWAYS_EMBED_SWIFT_STANDARD_LIBRARIES = YES;
				CODE_SIGN_STYLE = Automatic;
				INFOPLIST_FILE = PersonalityQuizUITests/Info.plist;
				LD_RUNPATH_SEARCH_PATHS = (
					"$(inherited)",
					"@executable_path/Frameworks",
					"@loader_path/Frameworks",
				);
				PRODUCT_BUNDLE_IDENTIFIER = org.ssfs.PersonalityQuizUITests;
				PRODUCT_NAME = "$(TARGET_NAME)";
				SWIFT_VERSION = 5.0;
				TARGETED_DEVICE_FAMILY = "1,2";
				TEST_TARGET_NAME = PersonalityQuiz;
			};
			name = Release;
		};
/* End XCBuildConfiguration section */

/* Begin XCConfigurationList section */
		697AE9A8225E1DF20055F6E8 /* Build configuration list for PBXProject "PersonalityQuiz" */ = {
			isa = XCConfigurationList;
			buildConfigurations = (
				697AE9D3225E1DF40055F6E8 /* Debug */,
				697AE9D4225E1DF40055F6E8 /* Release */,
			);
			defaultConfigurationIsVisible = 0;
			defaultConfigurationName = Release;
		};
		697AE9D5225E1DF40055F6E8 /* Build configuration list for PBXNativeTarget "PersonalityQuiz" */ = {
			isa = XCConfigurationList;
			buildConfigurations = (
				697AE9D6225E1DF40055F6E8 /* Debug */,
				697AE9D7225E1DF40055F6E8 /* Release */,
			);
			defaultConfigurationIsVisible = 0;
			defaultConfigurationName = Release;
		};
		697AE9D8225E1DF40055F6E8 /* Build configuration list for PBXNativeTarget "PersonalityQuizTests" */ = {
			isa = XCConfigurationList;
			buildConfigurations = (
				697AE9D9225E1DF40055F6E8 /* Debug */,
				697AE9DA225E1DF40055F6E8 /* Release */,
			);
			defaultConfigurationIsVisible = 0;
			defaultConfigurationName = Release;
		};
		697AE9DB225E1DF40055F6E8 /* Build configuration list for PBXNativeTarget "PersonalityQuizUITests" */ = {
			isa = XCConfigurationList;
			buildConfigurations = (
				697AE9DC225E1DF40055F6E8 /* Debug */,
				697AE9DD225E1DF40055F6E8 /* Release */,
			);
			defaultConfigurationIsVisible = 0;
			defaultConfigurationName = Release;
		};
/* End XCConfigurationList section */
	};
	rootObject = 697AE9A5225E1DF20055F6E8 /* Project object */;
}
